
Microsoft Visual Studio Solution File, Format Version 12.00
# Visual Studio Version 17
VisualStudioVersion = 17.0.32014.148
MinimumVisualStudioVersion = 10.0.40219.1
Project("{9A19103F-16F7-4668-BE54-9A1E7A4F7556}") = "JaffaCore", "JaffaCore\JaffaCore.csproj", "{B62A4390-80DB-4732-B8F5-29F8D488848D}"
EndProject
Project("{9A19103F-16F7-4668-BE54-9A1E7A4F7556}") = "JaffaCoreTest", "JaffaCoreTest\JaffaCoreTest.csproj", "{BD4E27A0-D16B-4E4B-B54D-B681F23035C2}"
EndProject
Global
	GlobalSection(SolutionConfigurationPlatforms) = preSolution
		Debug|Any CPU = Debug|Any CPU
		Release|Any CPU = Release|Any CPU
	EndGlobalSection
	GlobalSection(ProjectConfigurationPlatforms) = postSolution
		{B62A4390-80DB-4732-B8F5-29F8D488848D}.Debug|Any CPU.ActiveCfg = Debug|Any CPU
		{B62A4390-80DB-4732-B8F5-29F8D488848D}.Debug|Any CPU.Build.0 = Debug|Any CPU
		{B62A4390-80DB-4732-B8F5-29F8D488848D}.Release|Any CPU.ActiveCfg = Release|Any CPU
		{B62A4390-80DB-4732-B8F5-29F8D488848D}.Release|Any CPU.Build.0 = Release|Any CPU
		{BD4E27A0-D16B-4E4B-B54D-B681F23035C2}.Debug|Any CPU.ActiveCfg = Debug|Any CPU
		{BD4E27A0-D16B-4E4B-B54D-B681F23035C2}.Debug|Any CPU.Build.0 = Debug|Any CPU
		{BD4E27A0-D16B-4E4B-B54D-B681F23035C2}.Release|Any CPU.ActiveCfg = Release|Any CPU
		{BD4E27A0-D16B-4E4B-B54D-B681F23035C2}.Release|Any CPU.Build.0 = Release|Any CPU
	EndGlobalSection
	GlobalSection(SolutionProperties) = preSolution
		HideSolutionNode = FALSE
	EndGlobalSection
	GlobalSection(ExtensibilityGlobals) = postSolution
		SolutionGuid = {B75B6080-B2D1-4A4A-8C78-B00E99D6093C}
		RESX_NeutralResourcesLanguage = ja-JP
		RESX_RemoveEmptyEntries = False
	EndGlobalSection
EndGlobal
